
Microsoft Visual Studio Solution File, Format Version 12.00
# Visual Studio 2012
Project("{FAE04EC0-301F-11D3-BF4B-00C04F79EFBC}") = "EF-EX4-Task1", "EF-EX4-Task1\EF-EX4-Task1.csproj", "{3C86E725-B30A-4A60-B200-A76F7587E8AD}"
EndProject
Global
	GlobalSection(SolutionConfigurationPlatforms) = preSolution
		Debug|Any CPU = Debug|Any CPU
		Release|Any CPU = Release|Any CPU
	EndGlobalSection
	GlobalSection(ProjectConfigurationPlatforms) = postSolution
		{3C86E725-B30A-4A60-B200-A76F7587E8AD}.Debug|Any CPU.ActiveCfg = Debug|Any CPU
		{3C86E725-B30A-4A60-B200-A76F7587E8AD}.Debug|Any CPU.Build.0 = Debug|Any CPU
		{3C86E725-B30A-4A60-B200-A76F7587E8AD}.Release|Any CPU.ActiveCfg = Release|Any CPU
		{3C86E725-B30A-4A60-B200-A76F7587E8AD}.Release|Any CPU.Build.0 = Release|Any CPU
	EndGlobalSection
	GlobalSection(SolutionProperties) = preSolution
		HideSolutionNode = FALSE
	EndGlobalSection
EndGlobal
